
Microsoft Visual Studio Solution File, Format Version 12.00
# Visual Studio Version 17
VisualStudioVersion = 17.2.32616.157
MinimumVisualStudioVersion = 10.0.40219.1
Project("{9A19103F-16F7-4668-BE54-9A1E7A4F7556}") = "TesteVector.API", "TesteVector.API\TesteVector.API.csproj", "{D0A33BE9-EFD8-445D-99BD-A9870DFDD85F}"
EndProject
Project("{9A19103F-16F7-4668-BE54-9A1E7A4F7556}") = "TesteVector.Domain", "TesteVector.Domain\TesteVector.Domain.csproj", "{B689C9E3-6A98-4075-908A-7A9022A2199D}"
EndProject
Project("{9A19103F-16F7-4668-BE54-9A1E7A4F7556}") = "TesteVector.Infra.Data", "TesteVector.Infra.Data\TesteVector.Infra.Data.csproj", "{4D7BC171-CDCC-4A6A-A2EE-189F04E396CF}"
EndProject
Project("{FAE04EC0-301F-11D3-BF4B-00C04F79EFBC}") = "TesteVector.Tests", "TesteVector.Tests\TesteVector.Tests.csproj", "{A2FB3520-F83B-4314-8938-C28B98699508}"
EndProject
Project("{FAE04EC0-301F-11D3-BF4B-00C04F79EFBC}") = "TesteVector.Services", "TesteVector.Services\TesteVector.Services.csproj", "{34753F2A-AE44-4D89-9B00-71E05BDDD27D}"
EndProject
Global
	GlobalSection(SolutionConfigurationPlatforms) = preSolution
		Debug|Any CPU = Debug|Any CPU
		Release|Any CPU = Release|Any CPU
	EndGlobalSection
	GlobalSection(ProjectConfigurationPlatforms) = postSolution
		{D0A33BE9-EFD8-445D-99BD-A9870DFDD85F}.Debug|Any CPU.ActiveCfg = Debug|Any CPU
		{D0A33BE9-EFD8-445D-99BD-A9870DFDD85F}.Debug|Any CPU.Build.0 = Debug|Any CPU
		{D0A33BE9-EFD8-445D-99BD-A9870DFDD85F}.Release|Any CPU.ActiveCfg = Release|Any CPU
		{D0A33BE9-EFD8-445D-99BD-A9870DFDD85F}.Release|Any CPU.Build.0 = Release|Any CPU
		{B689C9E3-6A98-4075-908A-7A9022A2199D}.Debug|Any CPU.ActiveCfg = Debug|Any CPU
		{B689C9E3-6A98-4075-908A-7A9022A2199D}.Debug|Any CPU.Build.0 = Debug|Any CPU
		{B689C9E3-6A98-4075-908A-7A9022A2199D}.Release|Any CPU.ActiveCfg = Release|Any CPU
		{B689C9E3-6A98-4075-908A-7A9022A2199D}.Release|Any CPU.Build.0 = Release|Any CPU
		{4D7BC171-CDCC-4A6A-A2EE-189F04E396CF}.Debug|Any CPU.ActiveCfg = Debug|Any CPU
		{4D7BC171-CDCC-4A6A-A2EE-189F04E396CF}.Debug|Any CPU.Build.0 = Debug|Any CPU
		{4D7BC171-CDCC-4A6A-A2EE-189F04E396CF}.Release|Any CPU.ActiveCfg = Release|Any CPU
		{4D7BC171-CDCC-4A6A-A2EE-189F04E396CF}.Release|Any CPU.Build.0 = Release|Any CPU
		{A2FB3520-F83B-4314-8938-C28B98699508}.Debug|Any CPU.ActiveCfg = Debug|Any CPU
		{A2FB3520-F83B-4314-8938-C28B98699508}.Debug|Any CPU.Build.0 = Debug|Any CPU
		{A2FB3520-F83B-4314-8938-C28B98699508}.Release|Any CPU.ActiveCfg = Release|Any CPU
		{A2FB3520-F83B-4314-8938-C28B98699508}.Release|Any CPU.Build.0 = Release|Any CPU
		{34753F2A-AE44-4D89-9B00-71E05BDDD27D}.Debug|Any CPU.ActiveCfg = Debug|Any CPU
		{34753F2A-AE44-4D89-9B00-71E05BDDD27D}.Debug|Any CPU.Build.0 = Debug|Any CPU
		{34753F2A-AE44-4D89-9B00-71E05BDDD27D}.Release|Any CPU.ActiveCfg = Release|Any CPU
		{34753F2A-AE44-4D89-9B00-71E05BDDD27D}.Release|Any CPU.Build.0 = Release|Any CPU
	EndGlobalSection
	GlobalSection(SolutionProperties) = preSolution
		HideSolutionNode = FALSE
	EndGlobalSection
	GlobalSection(ExtensibilityGlobals) = postSolution
		SolutionGuid = {67FFE4C9-1DB1-4BE1-ADE1-C7C3A1A7F16D}
	EndGlobalSection
EndGlobal
